
Microsoft Visual Studio Solution File, Format Version 12.00
# Visual Studio 15
VisualStudioVersion = 15.0.26403.7
MinimumVisualStudioVersion = 10.0.40219.1
Project("{FAE04EC0-301F-11D3-BF4B-00C04F79EFBC}") = "Ontsoft.Core", "Ontsoft.Core\Ontsoft.Core.csproj", "{AEE8474B-FFDE-4213-9607-56FD2AC62FE7}"
EndProject
Project("{FAE04EC0-301F-11D3-BF4B-00C04F79EFBC}") = "Ontsoft.Northwind.Entities", "Ontsoft.Northwind.Entities\Ontsoft.Northwind.Entities.csproj", "{94EAE181-9369-48B2-8467-FB58A5106E7C}"
EndProject
Project("{FAE04EC0-301F-11D3-BF4B-00C04F79EFBC}") = "Ontsoft.Northwind.DataAccess", "Ontsoft.Northwind.DataAccess\Ontsoft.Northwind.DataAccess.csproj", "{29968E39-3760-4365-B39E-068554EF69E4}"
EndProject
Project("{FAE04EC0-301F-11D3-BF4B-00C04F79EFBC}") = "Ontsoft.Northwind.Business", "Ontsoft.Northwind.Business\Ontsoft.Northwind.Business.csproj", "{C3624BD9-668B-47F5-9D42-4A6D0C3E149E}"
EndProject
Project("{FAE04EC0-301F-11D3-BF4B-00C04F79EFBC}") = "Ontsoft.Northwind.MvcWebUI", "Ontsoft.Northwind.MvcWebUI\Ontsoft.Northwind.MvcWebUI.csproj", "{C51B3BC0-2FFD-4442-8870-50895970D5F9}"
EndProject
Global
	GlobalSection(SolutionConfigurationPlatforms) = preSolution
		Debug|Any CPU = Debug|Any CPU
		Release|Any CPU = Release|Any CPU
	EndGlobalSection
	GlobalSection(ProjectConfigurationPlatforms) = postSolution
		{AEE8474B-FFDE-4213-9607-56FD2AC62FE7}.Debug|Any CPU.ActiveCfg = Debug|Any CPU
		{AEE8474B-FFDE-4213-9607-56FD2AC62FE7}.Debug|Any CPU.Build.0 = Debug|Any CPU
		{AEE8474B-FFDE-4213-9607-56FD2AC62FE7}.Release|Any CPU.ActiveCfg = Release|Any CPU
		{AEE8474B-FFDE-4213-9607-56FD2AC62FE7}.Release|Any CPU.Build.0 = Release|Any CPU
		{94EAE181-9369-48B2-8467-FB58A5106E7C}.Debug|Any CPU.ActiveCfg = Debug|Any CPU
		{94EAE181-9369-48B2-8467-FB58A5106E7C}.Debug|Any CPU.Build.0 = Debug|Any CPU
		{94EAE181-9369-48B2-8467-FB58A5106E7C}.Release|Any CPU.ActiveCfg = Release|Any CPU
		{94EAE181-9369-48B2-8467-FB58A5106E7C}.Release|Any CPU.Build.0 = Release|Any CPU
		{29968E39-3760-4365-B39E-068554EF69E4}.Debug|Any CPU.ActiveCfg = Debug|Any CPU
		{29968E39-3760-4365-B39E-068554EF69E4}.Debug|Any CPU.Build.0 = Debug|Any CPU
		{29968E39-3760-4365-B39E-068554EF69E4}.Release|Any CPU.ActiveCfg = Release|Any CPU
		{29968E39-3760-4365-B39E-068554EF69E4}.Release|Any CPU.Build.0 = Release|Any CPU
		{C3624BD9-668B-47F5-9D42-4A6D0C3E149E}.Debug|Any CPU.ActiveCfg = Debug|Any CPU
		{C3624BD9-668B-47F5-9D42-4A6D0C3E149E}.Debug|Any CPU.Build.0 = Debug|Any CPU
		{C3624BD9-668B-47F5-9D42-4A6D0C3E149E}.Release|Any CPU.ActiveCfg = Release|Any CPU
		{C3624BD9-668B-47F5-9D42-4A6D0C3E149E}.Release|Any CPU.Build.0 = Release|Any CPU
		{C51B3BC0-2FFD-4442-8870-50895970D5F9}.Debug|Any CPU.ActiveCfg = Debug|Any CPU
		{C51B3BC0-2FFD-4442-8870-50895970D5F9}.Debug|Any CPU.Build.0 = Debug|Any CPU
		{C51B3BC0-2FFD-4442-8870-50895970D5F9}.Release|Any CPU.ActiveCfg = Release|Any CPU
		{C51B3BC0-2FFD-4442-8870-50895970D5F9}.Release|Any CPU.Build.0 = Release|Any CPU
	EndGlobalSection
	GlobalSection(SolutionProperties) = preSolution
		HideSolutionNode = FALSE
	EndGlobalSection
EndGlobal
